
Microsoft Visual Studio Solution File, Format Version 12.00
# Visual Studio Version 17
VisualStudioVersion = 17.12.35728.132
MinimumVisualStudioVersion = 10.0.40219.1
Project("{9A19103F-16F7-4668-BE54-9A1E7A4F7556}") = "Repositories", "Repositories\Repositories.csproj", "{F8DCD835-E42B-4961-B8C3-305FECC40FDD}"
EndProject
Project("{9A19103F-16F7-4668-BE54-9A1E7A4F7556}") = "PRN_Final_Project", "PRN_Final_Project\PRN_Final_Project.csproj", "{F9A11C0E-E470-4A75-92A2-1CCC2BCDD184}"
EndProject
Project("{9A19103F-16F7-4668-BE54-9A1E7A4F7556}") = "Services", "Services\Services.csproj", "{904DA187-C8F9-4682-AD59-34476C74128D}"
EndProject
Global
	GlobalSection(SolutionConfigurationPlatforms) = preSolution
		Debug|Any CPU = Debug|Any CPU
		Release|Any CPU = Release|Any CPU
	EndGlobalSection
	GlobalSection(ProjectConfigurationPlatforms) = postSolution
		{F8DCD835-E42B-4961-B8C3-305FECC40FDD}.Debug|Any CPU.ActiveCfg = Debug|Any CPU
		{F8DCD835-E42B-4961-B8C3-305FECC40FDD}.Debug|Any CPU.Build.0 = Debug|Any CPU
		{F8DCD835-E42B-4961-B8C3-305FECC40FDD}.Release|Any CPU.ActiveCfg = Release|Any CPU
		{F8DCD835-E42B-4961-B8C3-305FECC40FDD}.Release|Any CPU.Build.0 = Release|Any CPU
		{F9A11C0E-E470-4A75-92A2-1CCC2BCDD184}.Debug|Any CPU.ActiveCfg = Debug|Any CPU
		{F9A11C0E-E470-4A75-92A2-1CCC2BCDD184}.Debug|Any CPU.Build.0 = Debug|Any CPU
		{F9A11C0E-E470-4A75-92A2-1CCC2BCDD184}.Release|Any CPU.ActiveCfg = Release|Any CPU
		{F9A11C0E-E470-4A75-92A2-1CCC2BCDD184}.Release|Any CPU.Build.0 = Release|Any CPU
		{904DA187-C8F9-4682-AD59-34476C74128D}.Debug|Any CPU.ActiveCfg = Debug|Any CPU
		{904DA187-C8F9-4682-AD59-34476C74128D}.Debug|Any CPU.Build.0 = Debug|Any CPU
		{904DA187-C8F9-4682-AD59-34476C74128D}.Release|Any CPU.ActiveCfg = Release|Any CPU
		{904DA187-C8F9-4682-AD59-34476C74128D}.Release|Any CPU.Build.0 = Release|Any CPU
	EndGlobalSection
	GlobalSection(SolutionProperties) = preSolution
		HideSolutionNode = FALSE
	EndGlobalSection
	GlobalSection(ExtensibilityGlobals) = postSolution
		SolutionGuid = {2D63805E-2D0D-4137-B19E-0D7B4B3DCFE5}
	EndGlobalSection
EndGlobal
